// !$*UTF8*$!
{
	archiveVersion = 1;
	classes = {
	};
	objectVersion = 53;
	objects = {

/* Begin PBXBuildFile section */
		C9AA10D529FCD8E000B02DD7 /* UnityAccessibilityNode.m in Sources */ = {isa = PBXBuildFile; fileRef = C9AA10D429FCD8E000B02DD7 /* UnityAccessibilityNode.m */; };
		C9AA10EA29FCD96300B02DD7 /* libUnityObjC.a in Frameworks */ = {isa = PBXBuildFile; fileRef = C9AA10E729FCD95700B02DD7 /* libUnityObjC.a */; };
		C9AA110029FCDE3C00B02DD7 /* NSArray+UnityAccessibilityNode.m in Sources */ = {isa = PBXBuildFile; fileRef = C9AA10FF29FCDE3C00B02DD7 /* NSArray+UnityAccessibilityNode.m */; };
		C9AA110329FCDF7C00B02DD7 /* UnityAXSafeCategory.m in Sources */ = {isa = PBXBuildFile; fileRef = C9AA110229FCDF7C00B02DD7 /* UnityAXSafeCategory.m */; };
		C9AA110629FCE2C900B02DD7 /* UnityAXFrameUtilities.m in Sources */ = {isa = PBXBuildFile; fileRef = C9AA110529FCE2C900B02DD7 /* UnityAXFrameUtilities.m */; };
/* End PBXBuildFile section */

/* Begin PBXContainerItemProxy section */
		C9AA10E629FCD95700B02DD7 /* PBXContainerItemProxy */ = {
			isa = PBXContainerItemProxy;
			containerPortal = C9AA10E229FCD95700B02DD7 /* UnityObjC.xcodeproj */;
			proxyType = 2;
			remoteGlobalIDString = C9AA107D29FA5C5A00B02DD7;
			remoteInfo = UnityObjC;
		};
		C9AA10E829FCD95E00B02DD7 /* PBXContainerItemProxy */ = {
			isa = PBXContainerItemProxy;
			containerPortal = C9AA10E229FCD95700B02DD7 /* UnityObjC.xcodeproj */;
			proxyType = 1;
			remoteGlobalIDString = C9AA107C29FA5C5A00B02DD7;
			remoteInfo = UnityObjC;
		};
/* End PBXContainerItemProxy section */

/* Begin PBXCopyFilesBuildPhase section */
		C9AA107B29FA5C5A00B02DD7 /* CopyFiles */ = {
			isa = PBXCopyFilesBuildPhase;
			buildActionMask = 2147483647;
			dstPath = "include/$(PRODUCT_NAME)";
			dstSubfolderSpec = 16;
			files = (
			);
			runOnlyForDeploymentPostprocessing = 0;
		};
/* End PBXCopyFilesBuildPhase section */

/* Begin PBXFileReference section */
		079C00DD26ACEA98000784CB /* StoreKit.framework */ = {isa = PBXFileReference; lastKnownFileType = wrapper.framework; name = StoreKit.framework; path = System/Library/Frameworks/StoreKit.framework; sourceTree = SDKROOT; };
		07C3307226A12AD700EBA463 /* GameKit.framework */ = {isa = PBXFileReference; lastKnownFileType = wrapper.framework; name = GameKit.framework; path = System/Library/Frameworks/GameKit.framework; sourceTree = SDKROOT; };
		07D904F42635232F009276E7 /* Intents.framework */ = {isa = PBXFileReference; lastKnownFileType = wrapper.framework; name = Intents.framework; path = System/Library/Frameworks/Intents.framework; sourceTree = SDKROOT; };
		07EDA6F926C0E6870002F9ED /* WebKit.framework */ = {isa = PBXFileReference; lastKnownFileType = wrapper.framework; name = WebKit.framework; path = Platforms/MacOSX.platform/Developer/SDKs/MacOSX11.3.sdk/System/iOSSupport/System/Library/Frameworks/WebKit.framework; sourceTree = DEVELOPER_DIR; };
		C9AA107D29FA5C5A00B02DD7 /* libUnityAXUtils.a */ = {isa = PBXFileReference; explicitFileType = archive.ar; includeInIndex = 0; path = libUnityAXUtils.a; sourceTree = BUILT_PRODUCTS_DIR; };
		C9AA10D329FCD8E000B02DD7 /* UnityAccessibilityNode.h */ = {isa = PBXFileReference; lastKnownFileType = sourcecode.c.h; path = UnityAccessibilityNode.h; sourceTree = "<group>"; };
		C9AA10D429FCD8E000B02DD7 /* UnityAccessibilityNode.m */ = {isa = PBXFileReference; lastKnownFileType = sourcecode.c.objc; path = UnityAccessibilityNode.m; sourceTree = "<group>"; };
		C9AA10E229FCD95700B02DD7 /* UnityObjC.xcodeproj */ = {isa = PBXFileReference; lastKnownFileType = "wrapper.pb-project"; path = UnityObjC.xcodeproj; sourceTree = "<group>"; };
		C9AA10F729FCDACC00B02DD7 /* UnityAXUtils.h */ = {isa = PBXFileReference; lastKnownFileType = sourcecode.c.h; path = UnityAXUtils.h; sourceTree = "<group>"; };
		C9AA10FE29FCDE3C00B02DD7 /* NSArray+UnityAccessibilityNode.h */ = {isa = PBXFileReference; lastKnownFileType = sourcecode.c.h; path = "NSArray+UnityAccessibilityNode.h"; sourceTree = "<group>"; };
		C9AA10FF29FCDE3C00B02DD7 /* NSArray+UnityAccessibilityNode.m */ = {isa = PBXFileReference; lastKnownFileType = sourcecode.c.objc; path = "NSArray+UnityAccessibilityNode.m"; sourceTree = "<group>"; };
		C9AA110129FCDF7C00B02DD7 /* UnityAXSafeCategory.h */ = {isa = PBXFileReference; lastKnownFileType = sourcecode.c.h; path = UnityAXSafeCategory.h; sourceTree = "<group>"; };
		C9AA110229FCDF7C00B02DD7 /* UnityAXSafeCategory.m */ = {isa = PBXFileReference; lastKnownFileType = sourcecode.c.objc; path = UnityAXSafeCategory.m; sourceTree = "<group>"; };
		C9AA110429FCE2C900B02DD7 /* UnityAXFrameUtilities.h */ = {isa = PBXFileReference; lastKnownFileType = sourcecode.c.h; path = UnityAXFrameUtilities.h; sourceTree = "<group>"; };
		C9AA110529FCE2C900B02DD7 /* UnityAXFrameUtilities.m */ = {isa = PBXFileReference; lastKnownFileType = sourcecode.c.objc; path = UnityAXFrameUtilities.m; sourceTree = "<group>"; };
		E4327E8826335B3600376CAB /* WidgetKit.framework */ = {isa = PBXFileReference; lastKnownFileType = wrapper.framework; name = WidgetKit.framework; path = System/Library/Frameworks/WidgetKit.framework; sourceTree = SDKROOT; };
		E4327E8A26335B3600376CAB /* SwiftUI.framework */ = {isa = PBXFileReference; lastKnownFileType = wrapper.framework; name = SwiftUI.framework; path = System/Library/Frameworks/SwiftUI.framework; sourceTree = SDKROOT; };
/* End PBXFileReference section */

/* Begin PBXFrameworksBuildPhase section */
		C9AA107A29FA5C5A00B02DD7 /* Frameworks */ = {
			isa = PBXFrameworksBuildPhase;
			buildActionMask = 2147483647;
			files = (
				C9AA10EA29FCD96300B02DD7 /* libUnityObjC.a in Frameworks */,
			);
			runOnlyForDeploymentPostprocessing = 0;
		};
/* End PBXFrameworksBuildPhase section */

/* Begin PBXGroup section */
		C9588CE929ED2CDF00055160 /* Source */ = {
			isa = PBXGroup;
			children = (
				C9AA10F729FCDACC00B02DD7 /* UnityAXUtils.h */,
				C9AA10D329FCD8E000B02DD7 /* UnityAccessibilityNode.h */,
				C9AA10D429FCD8E000B02DD7 /* UnityAccessibilityNode.m */,
				C9AA10FE29FCDE3C00B02DD7 /* NSArray+UnityAccessibilityNode.h */,
				C9AA10FF29FCDE3C00B02DD7 /* NSArray+UnityAccessibilityNode.m */,
				C9AA110129FCDF7C00B02DD7 /* UnityAXSafeCategory.h */,
				C9AA110229FCDF7C00B02DD7 /* UnityAXSafeCategory.m */,
				C9AA110429FCE2C900B02DD7 /* UnityAXFrameUtilities.h */,
				C9AA110529FCE2C900B02DD7 /* UnityAXFrameUtilities.m */,
			);
			name = Source;
			path = UnityAXUtils/Source;
			sourceTree = "<group>";
		};
		C9AA10E329FCD95700B02DD7 /* Products */ = {
			isa = PBXGroup;
			children = (
				C9AA10E729FCD95700B02DD7 /* libUnityObjC.a */,
			);
			name = Products;
			sourceTree = "<group>";
		};
		E4327E6026335A9900376CAB = {
			isa = PBXGroup;
			children = (
				C9AA10E229FCD95700B02DD7 /* UnityObjC.xcodeproj */,
				C9588CE929ED2CDF00055160 /* Source */,
				E4327E8726335B3600376CAB /* Frameworks */,
				E4327E6A26335A9900376CAB /* Products */,
			);
			sourceTree = "<group>";
		};
		E4327E6A26335A9900376CAB /* Products */ = {
			isa = PBXGroup;
			children = (
				C9AA107D29FA5C5A00B02DD7 /* libUnityAXUtils.a */,
			);
			name = Products;
			sourceTree = "<group>";
		};
		E4327E8726335B3600376CAB /* Frameworks */ = {
			isa = PBXGroup;
			children = (
				07EDA6F926C0E6870002F9ED /* WebKit.framework */,
				079C00DD26ACEA98000784CB /* StoreKit.framework */,
				07C3307226A12AD700EBA463 /* GameKit.framework */,
				E4327E8826335B3600376CAB /* WidgetKit.framework */,
				E4327E8A26335B3600376CAB /* SwiftUI.framework */,
				07D904F42635232F009276E7 /* Intents.framework */,
			);
			name = Frameworks;
			sourceTree = "<group>";
		};
/* End PBXGroup section */

/* Begin PBXNativeTarget section */
		C9AA107C29FA5C5A00B02DD7 /* UnityAXUtils */ = {
			isa = PBXNativeTarget;
			buildConfigurationList = C9AA108529FA5C5A00B02DD7 /* Build configuration list for PBXNativeTarget "UnityAXUtils" */;
			buildPhases = (
				C9AA107929FA5C5A00B02DD7 /* Sources */,
				C9AA107A29FA5C5A00B02DD7 /* Frameworks */,
				C9AA107B29FA5C5A00B02DD7 /* CopyFiles */,
			);
			buildRules = (
			);
			dependencies = (
				C9AA10E929FCD95E00B02DD7 /* PBXTargetDependency */,
			);
			name = UnityAXUtils;
			productName = libUnityObjCRuntime;
			productReference = C9AA107D29FA5C5A00B02DD7 /* libUnityAXUtils.a */;
			productType = "com.apple.product-type.library.static";
		};
/* End PBXNativeTarget section */

/* Begin PBXProject section */
		E4327E6126335A9900376CAB /* Project object */ = {
			isa = PBXProject;
			attributes = {
				BuildIndependentTargetsInParallel = YES;
				LastSwiftUpdateCheck = 1250;
				LastUpgradeCheck = 1430;
				TargetAttributes = {
					C9AA107C29FA5C5A00B02DD7 = {
						CreatedOnToolsVersion = 14.3;
					};
				};
			};
			buildConfigurationList = E4327E6426335A9900376CAB /* Build configuration list for PBXProject "UnityAXUtils" */;
			compatibilityVersion = "Xcode 9.3";
			developmentRegion = en;
			hasScannedForEncodings = 0;
			knownRegions = (
				en,
				Base,
			);
			mainGroup = E4327E6026335A9900376CAB;
			productRefGroup = E4327E6A26335A9900376CAB /* Products */;
			projectDirPath = "";
			projectReferences = (
				{
					ProductGroup = C9AA10E329FCD95700B02DD7 /* Products */;
					ProjectRef = C9AA10E229FCD95700B02DD7 /* UnityObjC.xcodeproj */;
				},
			);
			projectRoot = "";
			targets = (
				C9AA107C29FA5C5A00B02DD7 /* UnityAXUtils */,
			);
		};
/* End PBXProject section */

/* Begin PBXReferenceProxy section */
		C9AA10E729FCD95700B02DD7 /* libUnityObjC.a */ = {
			isa = PBXReferenceProxy;
			fileType = archive.ar;
			path = libUnityObjC.a;
			remoteRef = C9AA10E629FCD95700B02DD7 /* PBXContainerItemProxy */;
			sourceTree = BUILT_PRODUCTS_DIR;
		};
/* End PBXReferenceProxy section */

/* Begin PBXSourcesBuildPhase section */
		C9AA107929FA5C5A00B02DD7 /* Sources */ = {
			isa = PBXSourcesBuildPhase;
			buildActionMask = 2147483647;
			files = (
				C9AA110029FCDE3C00B02DD7 /* NSArray+UnityAccessibilityNode.m in Sources */,
				C9AA10D529FCD8E000B02DD7 /* UnityAccessibilityNode.m in Sources */,
				C9AA110329FCDF7C00B02DD7 /* UnityAXSafeCategory.m in Sources */,
				C9AA110629FCE2C900B02DD7 /* UnityAXFrameUtilities.m in Sources */,
			);
			runOnlyForDeploymentPostprocessing = 0;
		};
/* End PBXSourcesBuildPhase section */

/* Begin PBXTargetDependency section */
		C9AA10E929FCD95E00B02DD7 /* PBXTargetDependency */ = {
			isa = PBXTargetDependency;
			name = UnityObjC;
			targetProxy = C9AA10E829FCD95E00B02DD7 /* PBXContainerItemProxy */;
		};
/* End PBXTargetDependency section */

/* Begin XCBuildConfiguration section */
		C9AA108329FA5C5A00B02DD7 /* Debug */ = {
			isa = XCBuildConfiguration;
			buildSettings = {
				CLANG_CXX_LANGUAGE_STANDARD = "gnu++20";
				CODE_SIGN_STYLE = Automatic;
				DEVELOPMENT_TEAM = V2HKDY23RK;
				GCC_WARN_64_TO_32_BIT_CONVERSION = YES;
				HEADER_SEARCH_PATHS = "$(SRCROOT)/UnityObjC/**";
				IPHONEOS_DEPLOYMENT_TARGET = 14.0;
				OTHER_LDFLAGS = "-ObjC";
				PRODUCT_NAME = "$(TARGET_NAME)";
				SKIP_INSTALL = YES;
				TARGETED_DEVICE_FAMILY = "1,2";
			};
			name = Debug;
		};
		C9AA108429FA5C5A00B02DD7 /* Release */ = {
			isa = XCBuildConfiguration;
			buildSettings = {
				CLANG_CXX_LANGUAGE_STANDARD = "gnu++20";
				CODE_SIGN_STYLE = Automatic;
				DEVELOPMENT_TEAM = V2HKDY23RK;
				GCC_WARN_64_TO_32_BIT_CONVERSION = YES;
				HEADER_SEARCH_PATHS = "$(SRCROOT)/UnityObjC/**";
				IPHONEOS_DEPLOYMENT_TARGET = 14.0;
				OTHER_LDFLAGS = "-ObjC";
				PRODUCT_NAME = "$(TARGET_NAME)";
				SKIP_INSTALL = YES;
				TARGETED_DEVICE_FAMILY = "1,2";
			};
			name = Release;
		};
		E4327E7B26335A9A00376CAB /* Debug */ = {
			isa = XCBuildConfiguration;
			buildSettings = {
				ALWAYS_SEARCH_USER_PATHS = NO;
				CLANG_ANALYZER_LOCALIZABILITY_NONLOCALIZED = YES;
				CLANG_ANALYZER_NONNULL = YES;
				CLANG_ANALYZER_NUMBER_OBJECT_CONVERSION = YES_AGGRESSIVE;
				CLANG_CXX_LANGUAGE_STANDARD = "gnu++14";
				CLANG_CXX_LIBRARY = "libc++";
				CLANG_ENABLE_MODULES = YES;
				CLANG_ENABLE_OBJC_ARC = YES;
				CLANG_ENABLE_OBJC_WEAK = YES;
				CLANG_WARN_BLOCK_CAPTURE_AUTORELEASING = YES;
				CLANG_WARN_BOOL_CONVERSION = YES;
				CLANG_WARN_COMMA = YES;
				CLANG_WARN_CONSTANT_CONVERSION = YES;
				CLANG_WARN_DEPRECATED_OBJC_IMPLEMENTATIONS = YES;
				CLANG_WARN_DIRECT_OBJC_ISA_USAGE = YES_ERROR;
				CLANG_WARN_DOCUMENTATION_COMMENTS = YES;
				CLANG_WARN_EMPTY_BODY = YES;
				CLANG_WARN_ENUM_CONVERSION = YES;
				CLANG_WARN_INFINITE_RECURSION = YES;
				CLANG_WARN_INT_CONVERSION = YES;
				CLANG_WARN_NON_LITERAL_NULL_CONVERSION = YES;
				CLANG_WARN_OBJC_IMPLICIT_RETAIN_SELF = YES;
				CLANG_WARN_OBJC_LITERAL_CONVERSION = YES;
				CLANG_WARN_OBJC_ROOT_CLASS = YES_ERROR;
				CLANG_WARN_QUOTED_INCLUDE_IN_FRAMEWORK_HEADER = YES;
				CLANG_WARN_RANGE_LOOP_ANALYSIS = YES;
				CLANG_WARN_STRICT_PROTOTYPES = YES;
				CLANG_WARN_SUSPICIOUS_MOVE = YES;
				CLANG_WARN_UNGUARDED_AVAILABILITY = YES_AGGRESSIVE;
				CLANG_WARN_UNREACHABLE_CODE = YES;
				CLANG_WARN__DUPLICATE_METHOD_MATCH = YES;
				COPY_PHASE_STRIP = NO;
				DEBUG_INFORMATION_FORMAT = dwarf;
				ENABLE_STRICT_OBJC_MSGSEND = YES;
				ENABLE_TESTABILITY = YES;
				GCC_C_LANGUAGE_STANDARD = gnu11;
				GCC_DYNAMIC_NO_PIC = NO;
				GCC_NO_COMMON_BLOCKS = YES;
				GCC_OPTIMIZATION_LEVEL = 0;
				GCC_PREPROCESSOR_DEFINITIONS = (
					"DEBUG=1",
					"$(inherited)",
				);
				GCC_WARN_64_TO_32_BIT_CONVERSION = YES;
				GCC_WARN_ABOUT_RETURN_TYPE = YES_ERROR;
				GCC_WARN_UNDECLARED_SELECTOR = YES;
				GCC_WARN_UNINITIALIZED_AUTOS = YES_AGGRESSIVE;
				GCC_WARN_UNUSED_FUNCTION = YES;
				GCC_WARN_UNUSED_VARIABLE = YES;
				MTL_ENABLE_DEBUG_INFO = INCLUDE_SOURCE;
				MTL_FAST_MATH = YES;
				ONLY_ACTIVE_ARCH = YES;
				SDKROOT = iphoneos;
				SWIFT_ACTIVE_COMPILATION_CONDITIONS = DEBUG;
				SWIFT_OPTIMIZATION_LEVEL = "-Onone";
			};
			name = Debug;
		};
		E4327E7C26335A9A00376CAB /* Release */ = {
			isa = XCBuildConfiguration;
			buildSettings = {
				ALWAYS_SEARCH_USER_PATHS = NO;
				CLANG_ANALYZER_LOCALIZABILITY_NONLOCALIZED = YES;
				CLANG_ANALYZER_NONNULL = YES;
				CLANG_ANALYZER_NUMBER_OBJECT_CONVERSION = YES_AGGRESSIVE;
				CLANG_CXX_LANGUAGE_STANDARD = "gnu++14";
				CLANG_CXX_LIBRARY = "libc++";
				CLANG_ENABLE_MODULES = YES;
				CLANG_ENABLE_OBJC_ARC = YES;
				CLANG_ENABLE_OBJC_WEAK = YES;
				CLANG_WARN_BLOCK_CAPTURE_AUTORELEASING = YES;
				CLANG_WARN_BOOL_CONVERSION = YES;
				CLANG_WARN_COMMA = YES;
				CLANG_WARN_CONSTANT_CONVERSION = YES;
				CLANG_WARN_DEPRECATED_OBJC_IMPLEMENTATIONS = YES;
				CLANG_WARN_DIRECT_OBJC_ISA_USAGE = YES_ERROR;
				CLANG_WARN_DOCUMENTATION_COMMENTS = YES;
				CLANG_WARN_EMPTY_BODY = YES;
				CLANG_WARN_ENUM_CONVERSION = YES;
				CLANG_WARN_INFINITE_RECURSION = YES;
				CLANG_WARN_INT_CONVERSION = YES;
				CLANG_WARN_NON_LITERAL_NULL_CONVERSION = YES;
				CLANG_WARN_OBJC_IMPLICIT_RETAIN_SELF = YES;
				CLANG_WARN_OBJC_LITERAL_CONVERSION = YES;
				CLANG_WARN_OBJC_ROOT_CLASS = YES_ERROR;
				CLANG_WARN_QUOTED_INCLUDE_IN_FRAMEWORK_HEADER = YES;
				CLANG_WARN_RANGE_LOOP_ANALYSIS = YES;
				CLANG_WARN_STRICT_PROTOTYPES = YES;
				CLANG_WARN_SUSPICIOUS_MOVE = YES;
				CLANG_WARN_UNGUARDED_AVAILABILITY = YES_AGGRESSIVE;
				CLANG_WARN_UNREACHABLE_CODE = YES;
				CLANG_WARN__DUPLICATE_METHOD_MATCH = YES;
				COPY_PHASE_STRIP = NO;
				DEBUG_INFORMATION_FORMAT = "dwarf-with-dsym";
				ENABLE_NS_ASSERTIONS = NO;
				ENABLE_STRICT_OBJC_MSGSEND = YES;
				GCC_C_LANGUAGE_STANDARD = gnu11;
				GCC_NO_COMMON_BLOCKS = YES;
				GCC_WARN_64_TO_32_BIT_CONVERSION = YES;
				GCC_WARN_ABOUT_RETURN_TYPE = YES_ERROR;
				GCC_WARN_UNDECLARED_SELECTOR = YES;
				GCC_WARN_UNINITIALIZED_AUTOS = YES_AGGRESSIVE;
				GCC_WARN_UNUSED_FUNCTION = YES;
				GCC_WARN_UNUSED_VARIABLE = YES;
				MTL_ENABLE_DEBUG_INFO = NO;
				MTL_FAST_MATH = YES;
				SDKROOT = iphoneos;
				SWIFT_COMPILATION_MODE = wholemodule;
				SWIFT_OPTIMIZATION_LEVEL = "-O";
				VALIDATE_PRODUCT = YES;
			};
			name = Release;
		};
/* End XCBuildConfiguration section */

/* Begin XCConfigurationList section */
		C9AA108529FA5C5A00B02DD7 /* Build configuration list for PBXNativeTarget "UnityAXUtils" */ = {
			isa = XCConfigurationList;
			buildConfigurations = (
				C9AA108329FA5C5A00B02DD7 /* Debug */,
				C9AA108429FA5C5A00B02DD7 /* Release */,
			);
			defaultConfigurationIsVisible = 0;
			defaultConfigurationName = Release;
		};
		E4327E6426335A9900376CAB /* Build configuration list for PBXProject "UnityAXUtils" */ = {
			isa = XCConfigurationList;
			buildConfigurations = (
				E4327E7B26335A9A00376CAB /* Debug */,
				E4327E7C26335A9A00376CAB /* Release */,
			);
			defaultConfigurationIsVisible = 0;
			defaultConfigurationName = Release;
		};
/* End XCConfigurationList section */
	};
	rootObject = E4327E6126335A9900376CAB /* Project object */;
}
